
Microsoft Visual Studio Solution File, Format Version 12.00
# Visual Studio 15
VisualStudioVersion = 15.0.26430.6
MinimumVisualStudioVersion = 10.0.40219.1
Project("{FAE04EC0-301F-11D3-BF4B-00C04F79EFBC}") = "Avo.AspNet.Identity.MongoDB", "Avo.AspNet.Identity.MongoDB\Avo.AspNet.Identity.MongoDB.csproj", "{2BE85CA3-ED6D-494B-84C7-0231A49BB99B}"
EndProject
Project("{FAE04EC0-301F-11D3-BF4B-00C04F79EFBC}") = "Avo.AspNet.Identity.MongoDB.Tests", "Avo.AspNet.Identity.MongoDB.Tests\Avo.AspNet.Identity.MongoDB.Tests.csproj", "{4848C275-0F16-4AF9-81E8-702C7B5D6543}"
EndProject
Global
	GlobalSection(SolutionConfigurationPlatforms) = preSolution
		Debug|Any CPU = Debug|Any CPU
		Release|Any CPU = Release|Any CPU
	EndGlobalSection
	GlobalSection(ProjectConfigurationPlatforms) = postSolution
		{2BE85CA3-ED6D-494B-84C7-0231A49BB99B}.Debug|Any CPU.ActiveCfg = Debug|Any CPU
		{2BE85CA3-ED6D-494B-84C7-0231A49BB99B}.Debug|Any CPU.Build.0 = Debug|Any CPU
		{2BE85CA3-ED6D-494B-84C7-0231A49BB99B}.Release|Any CPU.ActiveCfg = Release|Any CPU
		{2BE85CA3-ED6D-494B-84C7-0231A49BB99B}.Release|Any CPU.Build.0 = Release|Any CPU
		{4848C275-0F16-4AF9-81E8-702C7B5D6543}.Debug|Any CPU.ActiveCfg = Debug|Any CPU
		{4848C275-0F16-4AF9-81E8-702C7B5D6543}.Debug|Any CPU.Build.0 = Debug|Any CPU
		{4848C275-0F16-4AF9-81E8-702C7B5D6543}.Release|Any CPU.ActiveCfg = Release|Any CPU
		{4848C275-0F16-4AF9-81E8-702C7B5D6543}.Release|Any CPU.Build.0 = Release|Any CPU
	EndGlobalSection
	GlobalSection(SolutionProperties) = preSolution
		HideSolutionNode = FALSE
	EndGlobalSection
EndGlobal
